
Microsoft Visual Studio Solution File, Format Version 12.00
# Visual Studio Version 17
VisualStudioVersion = 17.12.35707.178
MinimumVisualStudioVersion = 10.0.40219.1
Project("{2150E333-8FDC-42A3-9474-1A3956D46DE8}") = "HomeWork_02", "HomeWork_02", "{3D4507E0-7E88-4BAA-8E03-D16DD63CB8C1}"
EndProject
Project("{2150E333-8FDC-42A3-9474-1A3956D46DE8}") = "HomeWork_03", "HomeWork_03", "{CB4051CE-AC25-4F4A-B54E-BCE6AE331ED8}"
EndProject
Project("{2150E333-8FDC-42A3-9474-1A3956D46DE8}") = "HomeWork_04", "HomeWork_04", "{26FA8AEC-21EC-4A79-973B-B6A7332B2DD2}"
EndProject
Project("{2150E333-8FDC-42A3-9474-1A3956D46DE8}") = "HomeWork_05", "HomeWork_05", "{E1B57B3E-1638-4FD2-8A78-8833B8E47E21}"
EndProject
Project("{2150E333-8FDC-42A3-9474-1A3956D46DE8}") = "HomeWork_06", "HomeWork_06", "{65313167-8618-4D18-B7BC-1B466A94BD23}"
EndProject
Project("{2150E333-8FDC-42A3-9474-1A3956D46DE8}") = "HomeWork_07", "HomeWork_07", "{1BDF90B5-3E89-4CD3-8166-AEB30789B933}"
EndProject
Project("{2150E333-8FDC-42A3-9474-1A3956D46DE8}") = "HomeWork_08", "HomeWork_08", "{CE7C0EBB-8B7A-43A0-B72B-09D81C42F982}"
EndProject
Project("{2150E333-8FDC-42A3-9474-1A3956D46DE8}") = "HomeWork_09", "HomeWork_09", "{2204CEA3-7704-492F-9F94-299CE4770F23}"
EndProject
Project("{2150E333-8FDC-42A3-9474-1A3956D46DE8}") = "HomeWork_10", "HomeWork_10", "{81AD6B0F-2CD4-4149-809E-B7AD9D6931A4}"
EndProject
Project("{2150E333-8FDC-42A3-9474-1A3956D46DE8}") = "HomeWork_11", "HomeWork_11", "{EC02E18F-AD25-4B1C-9243-1E821370020F}"
EndProject
Project("{2150E333-8FDC-42A3-9474-1A3956D46DE8}") = "HomeWork_12", "HomeWork_12", "{4AD17A46-BAE3-4637-ADFB-C60FB3700010}"
EndProject
Project("{2150E333-8FDC-42A3-9474-1A3956D46DE8}") = "HomeWork_13", "HomeWork_13", "{C01D2EBE-C88C-430A-9FFC-75DB90667122}"
EndProject
Project("{2150E333-8FDC-42A3-9474-1A3956D46DE8}") = "HomeWork_14", "HomeWork_14", "{B7FCF85B-93D2-4F33-B517-B0010BB3FD70}"
EndProject
Project("{2150E333-8FDC-42A3-9474-1A3956D46DE8}") = "HomeWork_15", "HomeWork_15", "{4C8F674C-A4CA-436F-AAA4-C5670C0CE77E}"
EndProject
Project("{2150E333-8FDC-42A3-9474-1A3956D46DE8}") = "HomeWork_16", "HomeWork_16", "{D1CCE273-EBAB-46DD-AA5C-0218F39F96CA}"
EndProject
Project("{FAE04EC0-301F-11D3-BF4B-00C04F79EFBC}") = "Task_01", "HomeWork_03\Task_01\Task_01.csproj", "{A82DD3A9-5319-4E46-9575-3C6837EFFBDC}"
EndProject
Project("{FAE04EC0-301F-11D3-BF4B-00C04F79EFBC}") = "Task_02", "HomeWork_03\Task_02\Task_02.csproj", "{2BF15E59-29F1-42D5-A219-FE87B5036C79}"
EndProject
Project("{FAE04EC0-301F-11D3-BF4B-00C04F79EFBC}") = "Task_03", "HomeWork_03\Task_03\Task_03.csproj", "{A6B8CAF2-98A0-4D8B-936B-AF77B92E7001}"
EndProject
Project("{FAE04EC0-301F-11D3-BF4B-00C04F79EFBC}") = "Task_04", "HomeWork_03\Task_04\Task_04.csproj", "{E144F2BE-90BC-418B-83F3-E594290C2A40}"
EndProject
Project("{FAE04EC0-301F-11D3-BF4B-00C04F79EFBC}") = "Task_05", "HomeWork_03\Task_05\Task_05.csproj", "{51270BAB-005E-4D6A-BA5F-75CBF25219CA}"
EndProject
Project("{FAE04EC0-301F-11D3-BF4B-00C04F79EFBC}") = "Task_06", "HomeWork_03\Task_06\Task_06.csproj", "{BF4E1923-07FF-4446-A017-EE9E1981F820}"
EndProject
Project("{FAE04EC0-301F-11D3-BF4B-00C04F79EFBC}") = "Task_07", "HomeWork_03\Task_07\Task_07.csproj", "{BE3FBE1B-33D5-419F-A907-A9F158D13E66}"
EndProject
Project("{FAE04EC0-301F-11D3-BF4B-00C04F79EFBC}") = "Task_08", "HomeWork_03\Task_08\Task_08.csproj", "{75BCC2D7-90A9-4EFD-B7F9-2508997D0EDB}"
EndProject
Project("{FAE04EC0-301F-11D3-BF4B-00C04F79EFBC}") = "Task_09", "HomeWork_03\Task_09\Task_09.csproj", "{30FC68FE-CB09-44BA-BEC4-CC2BDAE35932}"
EndProject
Project("{FAE04EC0-301F-11D3-BF4B-00C04F79EFBC}") = "Task_10", "HomeWork_03\Task_10\Task_10.csproj", "{A3DDD05B-194D-4654-80FC-B9FF3A6DEE42}"
EndProject
Project("{FAE04EC0-301F-11D3-BF4B-00C04F79EFBC}") = "Task_11", "HomeWork_03\Task_11\Task_11.csproj", "{A2F13EEF-B369-4704-8E41-6C6F43149644}"
EndProject
Project("{FAE04EC0-301F-11D3-BF4B-00C04F79EFBC}") = "Task_12", "HomeWork_03\Task_12\Task_12.csproj", "{B6687D64-CC05-4151-8357-B01C78E11D6F}"
EndProject
Project("{FAE04EC0-301F-11D3-BF4B-00C04F79EFBC}") = "Task_01", "HomeWork_04\Task_01\Task_01.csproj", "{AAD69932-B506-453E-A148-DD75DCC55B48}"
EndProject
Project("{FAE04EC0-301F-11D3-BF4B-00C04F79EFBC}") = "Task_02", "HomeWork_04\Task_02\Task_02.csproj", "{0BAF50E7-8261-4E64-9219-E86CE9FAAABC}"
EndProject
Project("{FAE04EC0-301F-11D3-BF4B-00C04F79EFBC}") = "Task_03", "HomeWork_04\Task_03\Task_03.csproj", "{EC6648D3-BB6C-4BE0-8D4A-7A4EF7385BDC}"
EndProject
Project("{FAE04EC0-301F-11D3-BF4B-00C04F79EFBC}") = "Task_04", "HomeWork_04\Task_04\Task_04.csproj", "{F8DCA95A-1226-4248-839E-9926020A4179}"
EndProject
Project("{FAE04EC0-301F-11D3-BF4B-00C04F79EFBC}") = "Task_05", "HomeWork_04\Task_05\Task_05.csproj", "{0406242F-FAE1-4F21-A15D-B53FC4610D2A}"
EndProject
Project("{FAE04EC0-301F-11D3-BF4B-00C04F79EFBC}") = "Task_06", "HomeWork_04\Task_06\Task_06.csproj", "{EA94F920-84D5-46C7-9158-2227BEF93294}"
EndProject
Project("{FAE04EC0-301F-11D3-BF4B-00C04F79EFBC}") = "Task_07", "HomeWork_04\Task_07\Task_07.csproj", "{E4110C27-75F5-458D-9E88-A8C0138B33A0}"
EndProject
Project("{FAE04EC0-301F-11D3-BF4B-00C04F79EFBC}") = "Task_08", "HomeWork_04\Task_08\Task_08.csproj", "{334EF535-A046-4401-BF0F-DC34FCB5CAD1}"
EndProject
Project("{FAE04EC0-301F-11D3-BF4B-00C04F79EFBC}") = "Task_01", "HomeWork_05\Task_01\Task_01.csproj", "{D929AB8C-71F4-4915-98F2-7F08CDC28E68}"
EndProject
Project("{FAE04EC0-301F-11D3-BF4B-00C04F79EFBC}") = "Task_02", "HomeWork_05\Task_02\Task_02.csproj", "{8E11BC77-20E7-459A-ADDF-09C7E87487BC}"
EndProject
Project("{FAE04EC0-301F-11D3-BF4B-00C04F79EFBC}") = "Task_03", "HomeWork_05\Task_03\Task_03.csproj", "{569FB0BB-A1DF-4D57-96FF-599B35B5CE85}"
EndProject
Project("{FAE04EC0-301F-11D3-BF4B-00C04F79EFBC}") = "Task_04", "HomeWork_05\Task_04\Task_04.csproj", "{7735E435-287B-4962-8597-C26C0C133F4B}"
EndProject
Project("{FAE04EC0-301F-11D3-BF4B-00C04F79EFBC}") = "Task_05", "HomeWork_05\Task_05\Task_05.csproj", "{5E20B5E4-6B25-4ED6-921E-D748924B8AE1}"
EndProject
Project("{FAE04EC0-301F-11D3-BF4B-00C04F79EFBC}") = "Task_06", "HomeWork_05\Task_06\Task_06.csproj", "{FC967D33-2F4D-4F15-8EE1-CC42CE066139}"
EndProject
Project("{FAE04EC0-301F-11D3-BF4B-00C04F79EFBC}") = "Task_07", "HomeWork_05\Task_07\Task_07.csproj", "{AF0FA958-DE92-46B1-9106-B4FA078C9AA5}"
EndProject
Project("{FAE04EC0-301F-11D3-BF4B-00C04F79EFBC}") = "Task_08", "HomeWork_05\Task_08\Task_08.csproj", "{2E0E6479-F9E0-4AD9-BA7E-A59554A53918}"
EndProject
Project("{FAE04EC0-301F-11D3-BF4B-00C04F79EFBC}") = "Task_09", "HomeWork_05\Task_09\Task_09.csproj", "{67EEACBA-E00E-4F68-8542-229B01171FA0}"
EndProject
Project("{FAE04EC0-301F-11D3-BF4B-00C04F79EFBC}") = "Task_10", "HomeWork_05\Task_10\Task_10.csproj", "{31765EAC-6802-44C4-8F8F-49DAED458015}"
EndProject
Project("{FAE04EC0-301F-11D3-BF4B-00C04F79EFBC}") = "Task_01", "HomeWork_06\Task_01\Task_01.csproj", "{9F7E2F4B-B5CE-4618-B57C-113D71BE15E3}"
EndProject
Project("{FAE04EC0-301F-11D3-BF4B-00C04F79EFBC}") = "Task_02", "HomeWork_06\Task_02\Task_02.csproj", "{3538C17C-5837-4F72-81D0-43A42AA4EA7D}"
EndProject
Project("{FAE04EC0-301F-11D3-BF4B-00C04F79EFBC}") = "Task_03", "HomeWork_06\Task_03\Task_03.csproj", "{58F90751-0614-4639-9927-5485D13CACC1}"
EndProject
Project("{FAE04EC0-301F-11D3-BF4B-00C04F79EFBC}") = "Task_04", "HomeWork_06\Task_04\Task_04.csproj", "{3705ABFE-6CE1-4D63-9D18-FEB1616EB17F}"
EndProject
Project("{FAE04EC0-301F-11D3-BF4B-00C04F79EFBC}") = "Task_05", "HomeWork_06\Task_05\Task_05.csproj", "{D6A81B24-DC13-4F24-BC58-87A4B938CFDC}"
EndProject
Project("{FAE04EC0-301F-11D3-BF4B-00C04F79EFBC}") = "Task_06", "HomeWork_06\Task_06\Task_06.csproj", "{0B459A10-1C50-4BFC-9880-B9D27734B30D}"
EndProject
Project("{FAE04EC0-301F-11D3-BF4B-00C04F79EFBC}") = "Task_01", "HomeWork_07\Task_01\Task_01.csproj", "{C2616A06-A04A-4EBE-9906-357DFEE111B3}"
EndProject
Project("{FAE04EC0-301F-11D3-BF4B-00C04F79EFBC}") = "Task_02", "HomeWork_07\Task_02\Task_02.csproj", "{4D86B7EE-96E3-47A3-AF5C-BAE69E2EA054}"
EndProject
Project("{FAE04EC0-301F-11D3-BF4B-00C04F79EFBC}") = "Task_03", "HomeWork_07\Task_03\Task_03.csproj", "{89AC2C0B-3B56-4432-BAF7-3212355C67E9}"
EndProject
Project("{FAE04EC0-301F-11D3-BF4B-00C04F79EFBC}") = "Task_04", "HomeWork_07\Task_04\Task_04.csproj", "{405B2B06-B16A-4445-9719-AD200EBEE96B}"
EndProject
Project("{FAE04EC0-301F-11D3-BF4B-00C04F79EFBC}") = "Task_05", "HomeWork_07\Task_05\Task_05.csproj", "{896EFCE6-03A9-47F4-B47F-7496401A2D42}"
EndProject
Project("{FAE04EC0-301F-11D3-BF4B-00C04F79EFBC}") = "Task_01", "HomeWork_08\Task_01\Task_01.csproj", "{6E924B60-1A1C-4928-81B4-71FB70147C18}"
EndProject
Project("{FAE04EC0-301F-11D3-BF4B-00C04F79EFBC}") = "Task_01", "HomeWork_09\Task_01\Task_01.csproj", "{1DECB7B4-2799-4D7D-A40E-25177DE23C82}"
EndProject
Project("{FAE04EC0-301F-11D3-BF4B-00C04F79EFBC}") = "Task_02", "HomeWork_09\Task_02\Task_02.csproj", "{CBE79174-A680-4DEA-868E-342538701E6B}"
EndProject
Project("{FAE04EC0-301F-11D3-BF4B-00C04F79EFBC}") = "Task_01", "HomeWork_10\Task_01\Task_01.csproj", "{009AF623-98EE-414F-A01B-EC5C82961D8F}"
EndProject
Project("{FAE04EC0-301F-11D3-BF4B-00C04F79EFBC}") = "Task_01", "HomeWork_11\Task_01\Task_01.csproj", "{D74B67DF-7D05-4F66-B8AE-AE5F98345A7B}"
EndProject
Project("{FAE04EC0-301F-11D3-BF4B-00C04F79EFBC}") = "Task_02", "HomeWork_11\Task_02\Task_02.csproj", "{473160E9-30E4-4CE5-9463-625450FFEACB}"
EndProject
Project("{FAE04EC0-301F-11D3-BF4B-00C04F79EFBC}") = "Task_01", "HomeWork_12\Task_01\Task_01.csproj", "{06AA9AD1-4A3E-4138-BCC8-51DDEB81AC16}"
EndProject
Project("{FAE04EC0-301F-11D3-BF4B-00C04F79EFBC}") = "Task_01", "HomeWork_13\Task_01\Task_01.csproj", "{0714BCCE-621C-454F-BD33-8F453BC95FD3}"
EndProject
Project("{FAE04EC0-301F-11D3-BF4B-00C04F79EFBC}") = "Task_02", "HomeWork_13\Task_02\Task_02.csproj", "{64B359D0-49A4-47C6-A2EF-DFF8A37D1A16}"
EndProject
Project("{FAE04EC0-301F-11D3-BF4B-00C04F79EFBC}") = "Task_01", "HomeWork_14\Task_01\Task_01.csproj", "{1DBF604F-8B7E-421D-9D8E-3E474FCAB669}"
EndProject
Project("{FAE04EC0-301F-11D3-BF4B-00C04F79EFBC}") = "Task_02", "HomeWork_14\Task_02\Task_02.csproj", "{1DB9E20D-CA07-4E10-AEDB-ED696501F52E}"
EndProject
Project("{FAE04EC0-301F-11D3-BF4B-00C04F79EFBC}") = "Task_01", "HomeWork_15\Task_01\Task_01.csproj", "{C365F875-2A62-4941-9F4A-4C22FDFEA788}"
EndProject
Project("{FAE04EC0-301F-11D3-BF4B-00C04F79EFBC}") = "Task_01", "HomeWork_16\Task_01\Task_01.csproj", "{4D5086A3-B349-4004-8E57-AF2A270CD785}"
EndProject
Project("{FAE04EC0-301F-11D3-BF4B-00C04F79EFBC}") = "Task_03", "HomeWork_14\Task_03\Task_03.csproj", "{EFA69A37-F4AD-4AB9-AA4C-D1B867771102}"
EndProject
Project("{FAE04EC0-301F-11D3-BF4B-00C04F79EFBC}") = "Task_01", "HomeWork_02\Task_01\Task_01.csproj", "{56556099-32C7-4110-9DB3-B19776EB9278}"
EndProject
Project("{FAE04EC0-301F-11D3-BF4B-00C04F79EFBC}") = "Task_03", "HomeWork_02\Task_03\Task_03.csproj", "{A13A8274-87D9-46D3-AFCE-9F6453A0F64B}"
EndProject
Project("{FAE04EC0-301F-11D3-BF4B-00C04F79EFBC}") = "Task_02", "HomeWork_02\Task_02\Task_02.csproj", "{0CB12DE1-0724-4FA2-A2ED-B8C8D7DC01E4}"
EndProject
Project("{FAE04EC0-301F-11D3-BF4B-00C04F79EFBC}") = "Task_04", "HomeWork_02\Task_04\Task_04.csproj", "{5A8A9B4E-4BD8-40C8-8B67-AFCBCFEB3509}"
EndProject
Project("{FAE04EC0-301F-11D3-BF4B-00C04F79EFBC}") = "Task_05", "HomeWork_02\Task_05\Task_05.csproj", "{E6DFE336-E602-45B6-82B1-EE51F44BE780}"
EndProject
Project("{FAE04EC0-301F-11D3-BF4B-00C04F79EFBC}") = "Task_06", "HomeWork_02\Task_06\Task_06.csproj", "{C3E219F4-24D7-49DB-9AAF-9410CDC20887}"
EndProject
Project("{FAE04EC0-301F-11D3-BF4B-00C04F79EFBC}") = "Task_07", "HomeWork_02\Task_07\Task_07.csproj", "{1501C079-4505-4209-8BF2-C062E311B554}"
EndProject
Project("{FAE04EC0-301F-11D3-BF4B-00C04F79EFBC}") = "Task_02", "HomeWork_08\Task_02\Task_02.csproj", "{53F17A34-CBC6-4F60-A0D0-50F924CE79F4}"
EndProject
Global
	GlobalSection(SolutionConfigurationPlatforms) = preSolution
		Debug|Any CPU = Debug|Any CPU
		Release|Any CPU = Release|Any CPU
	EndGlobalSection
	GlobalSection(ProjectConfigurationPlatforms) = postSolution
		{A82DD3A9-5319-4E46-9575-3C6837EFFBDC}.Debug|Any CPU.ActiveCfg = Debug|Any CPU
		{A82DD3A9-5319-4E46-9575-3C6837EFFBDC}.Debug|Any CPU.Build.0 = Debug|Any CPU
		{A82DD3A9-5319-4E46-9575-3C6837EFFBDC}.Release|Any CPU.ActiveCfg = Release|Any CPU
		{A82DD3A9-5319-4E46-9575-3C6837EFFBDC}.Release|Any CPU.Build.0 = Release|Any CPU
		{2BF15E59-29F1-42D5-A219-FE87B5036C79}.Debug|Any CPU.ActiveCfg = Debug|Any CPU
		{2BF15E59-29F1-42D5-A219-FE87B5036C79}.Debug|Any CPU.Build.0 = Debug|Any CPU
		{2BF15E59-29F1-42D5-A219-FE87B5036C79}.Release|Any CPU.ActiveCfg = Release|Any CPU
		{2BF15E59-29F1-42D5-A219-FE87B5036C79}.Release|Any CPU.Build.0 = Release|Any CPU
		{A6B8CAF2-98A0-4D8B-936B-AF77B92E7001}.Debug|Any CPU.ActiveCfg = Debug|Any CPU
		{A6B8CAF2-98A0-4D8B-936B-AF77B92E7001}.Debug|Any CPU.Build.0 = Debug|Any CPU
		{A6B8CAF2-98A0-4D8B-936B-AF77B92E7001}.Release|Any CPU.ActiveCfg = Release|Any CPU
		{A6B8CAF2-98A0-4D8B-936B-AF77B92E7001}.Release|Any CPU.Build.0 = Release|Any CPU
		{E144F2BE-90BC-418B-83F3-E594290C2A40}.Debug|Any CPU.ActiveCfg = Debug|Any CPU
		{E144F2BE-90BC-418B-83F3-E594290C2A40}.Debug|Any CPU.Build.0 = Debug|Any CPU
		{E144F2BE-90BC-418B-83F3-E594290C2A40}.Release|Any CPU.ActiveCfg = Release|Any CPU
		{E144F2BE-90BC-418B-83F3-E594290C2A40}.Release|Any CPU.Build.0 = Release|Any CPU
		{51270BAB-005E-4D6A-BA5F-75CBF25219CA}.Debug|Any CPU.ActiveCfg = Debug|Any CPU
		{51270BAB-005E-4D6A-BA5F-75CBF25219CA}.Debug|Any CPU.Build.0 = Debug|Any CPU
		{51270BAB-005E-4D6A-BA5F-75CBF25219CA}.Release|Any CPU.ActiveCfg = Release|Any CPU
		{51270BAB-005E-4D6A-BA5F-75CBF25219CA}.Release|Any CPU.Build.0 = Release|Any CPU
		{BF4E1923-07FF-4446-A017-EE9E1981F820}.Debug|Any CPU.ActiveCfg = Debug|Any CPU
		{BF4E1923-07FF-4446-A017-EE9E1981F820}.Debug|Any CPU.Build.0 = Debug|Any CPU
		{BF4E1923-07FF-4446-A017-EE9E1981F820}.Release|Any CPU.ActiveCfg = Release|Any CPU
		{BF4E1923-07FF-4446-A017-EE9E1981F820}.Release|Any CPU.Build.0 = Release|Any CPU
		{BE3FBE1B-33D5-419F-A907-A9F158D13E66}.Debug|Any CPU.ActiveCfg = Debug|Any CPU
		{BE3FBE1B-33D5-419F-A907-A9F158D13E66}.Debug|Any CPU.Build.0 = Debug|Any CPU
		{BE3FBE1B-33D5-419F-A907-A9F158D13E66}.Release|Any CPU.ActiveCfg = Release|Any CPU
		{BE3FBE1B-33D5-419F-A907-A9F158D13E66}.Release|Any CPU.Build.0 = Release|Any CPU
		{75BCC2D7-90A9-4EFD-B7F9-2508997D0EDB}.Debug|Any CPU.ActiveCfg = Debug|Any CPU
		{75BCC2D7-90A9-4EFD-B7F9-2508997D0EDB}.Debug|Any CPU.Build.0 = Debug|Any CPU
		{75BCC2D7-90A9-4EFD-B7F9-2508997D0EDB}.Release|Any CPU.ActiveCfg = Release|Any CPU
		{75BCC2D7-90A9-4EFD-B7F9-2508997D0EDB}.Release|Any CPU.Build.0 = Release|Any CPU
		{30FC68FE-CB09-44BA-BEC4-CC2BDAE35932}.Debug|Any CPU.ActiveCfg = Debug|Any CPU
		{30FC68FE-CB09-44BA-BEC4-CC2BDAE35932}.Debug|Any CPU.Build.0 = Debug|Any CPU
		{30FC68FE-CB09-44BA-BEC4-CC2BDAE35932}.Release|Any CPU.ActiveCfg = Release|Any CPU
		{30FC68FE-CB09-44BA-BEC4-CC2BDAE35932}.Release|Any CPU.Build.0 = Release|Any CPU
		{A3DDD05B-194D-4654-80FC-B9FF3A6DEE42}.Debug|Any CPU.ActiveCfg = Debug|Any CPU
		{A3DDD05B-194D-4654-80FC-B9FF3A6DEE42}.Debug|Any CPU.Build.0 = Debug|Any CPU
		{A3DDD05B-194D-4654-80FC-B9FF3A6DEE42}.Release|Any CPU.ActiveCfg = Release|Any CPU
		{A3DDD05B-194D-4654-80FC-B9FF3A6DEE42}.Release|Any CPU.Build.0 = Release|Any CPU
		{A2F13EEF-B369-4704-8E41-6C6F43149644}.Debug|Any CPU.ActiveCfg = Debug|Any CPU
		{A2F13EEF-B369-4704-8E41-6C6F43149644}.Debug|Any CPU.Build.0 = Debug|Any CPU
		{A2F13EEF-B369-4704-8E41-6C6F43149644}.Release|Any CPU.ActiveCfg = Release|Any CPU
		{A2F13EEF-B369-4704-8E41-6C6F43149644}.Release|Any CPU.Build.0 = Release|Any CPU
		{B6687D64-CC05-4151-8357-B01C78E11D6F}.Debug|Any CPU.ActiveCfg = Debug|Any CPU
		{B6687D64-CC05-4151-8357-B01C78E11D6F}.Debug|Any CPU.Build.0 = Debug|Any CPU
		{B6687D64-CC05-4151-8357-B01C78E11D6F}.Release|Any CPU.ActiveCfg = Release|Any CPU
		{B6687D64-CC05-4151-8357-B01C78E11D6F}.Release|Any CPU.Build.0 = Release|Any CPU
		{AAD69932-B506-453E-A148-DD75DCC55B48}.Debug|Any CPU.ActiveCfg = Debug|Any CPU
		{AAD69932-B506-453E-A148-DD75DCC55B48}.Debug|Any CPU.Build.0 = Debug|Any CPU
		{AAD69932-B506-453E-A148-DD75DCC55B48}.Release|Any CPU.ActiveCfg = Release|Any CPU
		{AAD69932-B506-453E-A148-DD75DCC55B48}.Release|Any CPU.Build.0 = Release|Any CPU
		{0BAF50E7-8261-4E64-9219-E86CE9FAAABC}.Debug|Any CPU.ActiveCfg = Debug|Any CPU
		{0BAF50E7-8261-4E64-9219-E86CE9FAAABC}.Debug|Any CPU.Build.0 = Debug|Any CPU
		{0BAF50E7-8261-4E64-9219-E86CE9FAAABC}.Release|Any CPU.ActiveCfg = Release|Any CPU
		{0BAF50E7-8261-4E64-9219-E86CE9FAAABC}.Release|Any CPU.Build.0 = Release|Any CPU
		{EC6648D3-BB6C-4BE0-8D4A-7A4EF7385BDC}.Debug|Any CPU.ActiveCfg = Debug|Any CPU
		{EC6648D3-BB6C-4BE0-8D4A-7A4EF7385BDC}.Debug|Any CPU.Build.0 = Debug|Any CPU
		{EC6648D3-BB6C-4BE0-8D4A-7A4EF7385BDC}.Release|Any CPU.ActiveCfg = Release|Any CPU
		{EC6648D3-BB6C-4BE0-8D4A-7A4EF7385BDC}.Release|Any CPU.Build.0 = Release|Any CPU
		{F8DCA95A-1226-4248-839E-9926020A4179}.Debug|Any CPU.ActiveCfg = Debug|Any CPU
		{F8DCA95A-1226-4248-839E-9926020A4179}.Debug|Any CPU.Build.0 = Debug|Any CPU
		{F8DCA95A-1226-4248-839E-9926020A4179}.Release|Any CPU.ActiveCfg = Release|Any CPU
		{F8DCA95A-1226-4248-839E-9926020A4179}.Release|Any CPU.Build.0 = Release|Any CPU
		{0406242F-FAE1-4F21-A15D-B53FC4610D2A}.Debug|Any CPU.ActiveCfg = Debug|Any CPU
		{0406242F-FAE1-4F21-A15D-B53FC4610D2A}.Debug|Any CPU.Build.0 = Debug|Any CPU
		{0406242F-FAE1-4F21-A15D-B53FC4610D2A}.Release|Any CPU.ActiveCfg = Release|Any CPU
		{0406242F-FAE1-4F21-A15D-B53FC4610D2A}.Release|Any CPU.Build.0 = Release|Any CPU
		{EA94F920-84D5-46C7-9158-2227BEF93294}.Debug|Any CPU.ActiveCfg = Debug|Any CPU
		{EA94F920-84D5-46C7-9158-2227BEF93294}.Debug|Any CPU.Build.0 = Debug|Any CPU
		{EA94F920-84D5-46C7-9158-2227BEF93294}.Release|Any CPU.ActiveCfg = Release|Any CPU
		{EA94F920-84D5-46C7-9158-2227BEF93294}.Release|Any CPU.Build.0 = Release|Any CPU
		{E4110C27-75F5-458D-9E88-A8C0138B33A0}.Debug|Any CPU.ActiveCfg = Debug|Any CPU
		{E4110C27-75F5-458D-9E88-A8C0138B33A0}.Debug|Any CPU.Build.0 = Debug|Any CPU
		{E4110C27-75F5-458D-9E88-A8C0138B33A0}.Release|Any CPU.ActiveCfg = Release|Any CPU
		{E4110C27-75F5-458D-9E88-A8C0138B33A0}.Release|Any CPU.Build.0 = Release|Any CPU
		{334EF535-A046-4401-BF0F-DC34FCB5CAD1}.Debug|Any CPU.ActiveCfg = Debug|Any CPU
		{334EF535-A046-4401-BF0F-DC34FCB5CAD1}.Debug|Any CPU.Build.0 = Debug|Any CPU
		{334EF535-A046-4401-BF0F-DC34FCB5CAD1}.Release|Any CPU.ActiveCfg = Release|Any CPU
		{334EF535-A046-4401-BF0F-DC34FCB5CAD1}.Release|Any CPU.Build.0 = Release|Any CPU
		{D929AB8C-71F4-4915-98F2-7F08CDC28E68}.Debug|Any CPU.ActiveCfg = Debug|Any CPU
		{D929AB8C-71F4-4915-98F2-7F08CDC28E68}.Debug|Any CPU.Build.0 = Debug|Any CPU
		{D929AB8C-71F4-4915-98F2-7F08CDC28E68}.Release|Any CPU.ActiveCfg = Release|Any CPU
		{D929AB8C-71F4-4915-98F2-7F08CDC28E68}.Release|Any CPU.Build.0 = Release|Any CPU
		{8E11BC77-20E7-459A-ADDF-09C7E87487BC}.Debug|Any CPU.ActiveCfg = Debug|Any CPU
		{8E11BC77-20E7-459A-ADDF-09C7E87487BC}.Debug|Any CPU.Build.0 = Debug|Any CPU
		{8E11BC77-20E7-459A-ADDF-09C7E87487BC}.Release|Any CPU.ActiveCfg = Release|Any CPU
		{8E11BC77-20E7-459A-ADDF-09C7E87487BC}.Release|Any CPU.Build.0 = Release|Any CPU
		{569FB0BB-A1DF-4D57-96FF-599B35B5CE85}.Debug|Any CPU.ActiveCfg = Debug|Any CPU
		{569FB0BB-A1DF-4D57-96FF-599B35B5CE85}.Debug|Any CPU.Build.0 = Debug|Any CPU
		{569FB0BB-A1DF-4D57-96FF-599B35B5CE85}.Release|Any CPU.ActiveCfg = Release|Any CPU
		{569FB0BB-A1DF-4D57-96FF-599B35B5CE85}.Release|Any CPU.Build.0 = Release|Any CPU
		{7735E435-287B-4962-8597-C26C0C133F4B}.Debug|Any CPU.ActiveCfg = Debug|Any CPU
		{7735E435-287B-4962-8597-C26C0C133F4B}.Debug|Any CPU.Build.0 = Debug|Any CPU
		{7735E435-287B-4962-8597-C26C0C133F4B}.Release|Any CPU.ActiveCfg = Release|Any CPU
		{7735E435-287B-4962-8597-C26C0C133F4B}.Release|Any CPU.Build.0 = Release|Any CPU
		{5E20B5E4-6B25-4ED6-921E-D748924B8AE1}.Debug|Any CPU.ActiveCfg = Debug|Any CPU
		{5E20B5E4-6B25-4ED6-921E-D748924B8AE1}.Debug|Any CPU.Build.0 = Debug|Any CPU
		{5E20B5E4-6B25-4ED6-921E-D748924B8AE1}.Release|Any CPU.ActiveCfg = Release|Any CPU
		{5E20B5E4-6B25-4ED6-921E-D748924B8AE1}.Release|Any CPU.Build.0 = Release|Any CPU
		{FC967D33-2F4D-4F15-8EE1-CC42CE066139}.Debug|Any CPU.ActiveCfg = Debug|Any CPU
		{FC967D33-2F4D-4F15-8EE1-CC42CE066139}.Debug|Any CPU.Build.0 = Debug|Any CPU
		{FC967D33-2F4D-4F15-8EE1-CC42CE066139}.Release|Any CPU.ActiveCfg = Release|Any CPU
		{FC967D33-2F4D-4F15-8EE1-CC42CE066139}.Release|Any CPU.Build.0 = Release|Any CPU
		{AF0FA958-DE92-46B1-9106-B4FA078C9AA5}.Debug|Any CPU.ActiveCfg = Debug|Any CPU
		{AF0FA958-DE92-46B1-9106-B4FA078C9AA5}.Debug|Any CPU.Build.0 = Debug|Any CPU
		{AF0FA958-DE92-46B1-9106-B4FA078C9AA5}.Release|Any CPU.ActiveCfg = Release|Any CPU
		{AF0FA958-DE92-46B1-9106-B4FA078C9AA5}.Release|Any CPU.Build.0 = Release|Any CPU
		{2E0E6479-F9E0-4AD9-BA7E-A59554A53918}.Debug|Any CPU.ActiveCfg = Debug|Any CPU
		{2E0E6479-F9E0-4AD9-BA7E-A59554A53918}.Debug|Any CPU.Build.0 = Debug|Any CPU
		{2E0E6479-F9E0-4AD9-BA7E-A59554A53918}.Release|Any CPU.ActiveCfg = Release|Any CPU
		{2E0E6479-F9E0-4AD9-BA7E-A59554A53918}.Release|Any CPU.Build.0 = Release|Any CPU
		{67EEACBA-E00E-4F68-8542-229B01171FA0}.Debug|Any CPU.ActiveCfg = Debug|Any CPU
		{67EEACBA-E00E-4F68-8542-229B01171FA0}.Debug|Any CPU.Build.0 = Debug|Any CPU
		{67EEACBA-E00E-4F68-8542-229B01171FA0}.Release|Any CPU.ActiveCfg = Release|Any CPU
		{67EEACBA-E00E-4F68-8542-229B01171FA0}.Release|Any CPU.Build.0 = Release|Any CPU
		{31765EAC-6802-44C4-8F8F-49DAED458015}.Debug|Any CPU.ActiveCfg = Debug|Any CPU
		{31765EAC-6802-44C4-8F8F-49DAED458015}.Debug|Any CPU.Build.0 = Debug|Any CPU
		{31765EAC-6802-44C4-8F8F-49DAED458015}.Release|Any CPU.ActiveCfg = Release|Any CPU
		{31765EAC-6802-44C4-8F8F-49DAED458015}.Release|Any CPU.Build.0 = Release|Any CPU
		{9F7E2F4B-B5CE-4618-B57C-113D71BE15E3}.Debug|Any CPU.ActiveCfg = Debug|Any CPU
		{9F7E2F4B-B5CE-4618-B57C-113D71BE15E3}.Debug|Any CPU.Build.0 = Debug|Any CPU
		{9F7E2F4B-B5CE-4618-B57C-113D71BE15E3}.Release|Any CPU.ActiveCfg = Release|Any CPU
		{9F7E2F4B-B5CE-4618-B57C-113D71BE15E3}.Release|Any CPU.Build.0 = Release|Any CPU
		{3538C17C-5837-4F72-81D0-43A42AA4EA7D}.Debug|Any CPU.ActiveCfg = Debug|Any CPU
		{3538C17C-5837-4F72-81D0-43A42AA4EA7D}.Debug|Any CPU.Build.0 = Debug|Any CPU
		{3538C17C-5837-4F72-81D0-43A42AA4EA7D}.Release|Any CPU.ActiveCfg = Release|Any CPU
		{3538C17C-5837-4F72-81D0-43A42AA4EA7D}.Release|Any CPU.Build.0 = Release|Any CPU
		{58F90751-0614-4639-9927-5485D13CACC1}.Debug|Any CPU.ActiveCfg = Debug|Any CPU
		{58F90751-0614-4639-9927-5485D13CACC1}.Debug|Any CPU.Build.0 = Debug|Any CPU
		{58F90751-0614-4639-9927-5485D13CACC1}.Release|Any CPU.ActiveCfg = Release|Any CPU
		{58F90751-0614-4639-9927-5485D13CACC1}.Release|Any CPU.Build.0 = Release|Any CPU
		{3705ABFE-6CE1-4D63-9D18-FEB1616EB17F}.Debug|Any CPU.ActiveCfg = Debug|Any CPU
		{3705ABFE-6CE1-4D63-9D18-FEB1616EB17F}.Debug|Any CPU.Build.0 = Debug|Any CPU
		{3705ABFE-6CE1-4D63-9D18-FEB1616EB17F}.Release|Any CPU.ActiveCfg = Release|Any CPU
		{3705ABFE-6CE1-4D63-9D18-FEB1616EB17F}.Release|Any CPU.Build.0 = Release|Any CPU
		{D6A81B24-DC13-4F24-BC58-87A4B938CFDC}.Debug|Any CPU.ActiveCfg = Debug|Any CPU
		{D6A81B24-DC13-4F24-BC58-87A4B938CFDC}.Debug|Any CPU.Build.0 = Debug|Any CPU
		{D6A81B24-DC13-4F24-BC58-87A4B938CFDC}.Release|Any CPU.ActiveCfg = Release|Any CPU
		{D6A81B24-DC13-4F24-BC58-87A4B938CFDC}.Release|Any CPU.Build.0 = Release|Any CPU
		{0B459A10-1C50-4BFC-9880-B9D27734B30D}.Debug|Any CPU.ActiveCfg = Debug|Any CPU
		{0B459A10-1C50-4BFC-9880-B9D27734B30D}.Debug|Any CPU.Build.0 = Debug|Any CPU
		{0B459A10-1C50-4BFC-9880-B9D27734B30D}.Release|Any CPU.ActiveCfg = Release|Any CPU
		{0B459A10-1C50-4BFC-9880-B9D27734B30D}.Release|Any CPU.Build.0 = Release|Any CPU
		{C2616A06-A04A-4EBE-9906-357DFEE111B3}.Debug|Any CPU.ActiveCfg = Debug|Any CPU
		{C2616A06-A04A-4EBE-9906-357DFEE111B3}.Debug|Any CPU.Build.0 = Debug|Any CPU
		{C2616A06-A04A-4EBE-9906-357DFEE111B3}.Release|Any CPU.ActiveCfg = Release|Any CPU
		{C2616A06-A04A-4EBE-9906-357DFEE111B3}.Release|Any CPU.Build.0 = Release|Any CPU
		{4D86B7EE-96E3-47A3-AF5C-BAE69E2EA054}.Debug|Any CPU.ActiveCfg = Debug|Any CPU
		{4D86B7EE-96E3-47A3-AF5C-BAE69E2EA054}.Debug|Any CPU.Build.0 = Debug|Any CPU
		{4D86B7EE-96E3-47A3-AF5C-BAE69E2EA054}.Release|Any CPU.ActiveCfg = Release|Any CPU
		{4D86B7EE-96E3-47A3-AF5C-BAE69E2EA054}.Release|Any CPU.Build.0 = Release|Any CPU
		{89AC2C0B-3B56-4432-BAF7-3212355C67E9}.Debug|Any CPU.ActiveCfg = Debug|Any CPU
		{89AC2C0B-3B56-4432-BAF7-3212355C67E9}.Debug|Any CPU.Build.0 = Debug|Any CPU
		{89AC2C0B-3B56-4432-BAF7-3212355C67E9}.Release|Any CPU.ActiveCfg = Release|Any CPU
		{89AC2C0B-3B56-4432-BAF7-3212355C67E9}.Release|Any CPU.Build.0 = Release|Any CPU
		{405B2B06-B16A-4445-9719-AD200EBEE96B}.Debug|Any CPU.ActiveCfg = Debug|Any CPU
		{405B2B06-B16A-4445-9719-AD200EBEE96B}.Debug|Any CPU.Build.0 = Debug|Any CPU
		{405B2B06-B16A-4445-9719-AD200EBEE96B}.Release|Any CPU.ActiveCfg = Release|Any CPU
		{405B2B06-B16A-4445-9719-AD200EBEE96B}.Release|Any CPU.Build.0 = Release|Any CPU
		{896EFCE6-03A9-47F4-B47F-7496401A2D42}.Debug|Any CPU.ActiveCfg = Debug|Any CPU
		{896EFCE6-03A9-47F4-B47F-7496401A2D42}.Debug|Any CPU.Build.0 = Debug|Any CPU
		{896EFCE6-03A9-47F4-B47F-7496401A2D42}.Release|Any CPU.ActiveCfg = Release|Any CPU
		{896EFCE6-03A9-47F4-B47F-7496401A2D42}.Release|Any CPU.Build.0 = Release|Any CPU
		{6E924B60-1A1C-4928-81B4-71FB70147C18}.Debug|Any CPU.ActiveCfg = Debug|Any CPU
		{6E924B60-1A1C-4928-81B4-71FB70147C18}.Debug|Any CPU.Build.0 = Debug|Any CPU
		{6E924B60-1A1C-4928-81B4-71FB70147C18}.Release|Any CPU.ActiveCfg = Release|Any CPU
		{6E924B60-1A1C-4928-81B4-71FB70147C18}.Release|Any CPU.Build.0 = Release|Any CPU
		{1DECB7B4-2799-4D7D-A40E-25177DE23C82}.Debug|Any CPU.ActiveCfg = Debug|Any CPU
		{1DECB7B4-2799-4D7D-A40E-25177DE23C82}.Debug|Any CPU.Build.0 = Debug|Any CPU
		{1DECB7B4-2799-4D7D-A40E-25177DE23C82}.Release|Any CPU.ActiveCfg = Release|Any CPU
		{1DECB7B4-2799-4D7D-A40E-25177DE23C82}.Release|Any CPU.Build.0 = Release|Any CPU
		{CBE79174-A680-4DEA-868E-342538701E6B}.Debug|Any CPU.ActiveCfg = Debug|Any CPU
		{CBE79174-A680-4DEA-868E-342538701E6B}.Debug|Any CPU.Build.0 = Debug|Any CPU
		{CBE79174-A680-4DEA-868E-342538701E6B}.Release|Any CPU.ActiveCfg = Release|Any CPU
		{CBE79174-A680-4DEA-868E-342538701E6B}.Release|Any CPU.Build.0 = Release|Any CPU
		{009AF623-98EE-414F-A01B-EC5C82961D8F}.Debug|Any CPU.ActiveCfg = Debug|Any CPU
		{009AF623-98EE-414F-A01B-EC5C82961D8F}.Debug|Any CPU.Build.0 = Debug|Any CPU
		{009AF623-98EE-414F-A01B-EC5C82961D8F}.Release|Any CPU.ActiveCfg = Release|Any CPU
		{009AF623-98EE-414F-A01B-EC5C82961D8F}.Release|Any CPU.Build.0 = Release|Any CPU
		{D74B67DF-7D05-4F66-B8AE-AE5F98345A7B}.Debug|Any CPU.ActiveCfg = Debug|Any CPU
		{D74B67DF-7D05-4F66-B8AE-AE5F98345A7B}.Debug|Any CPU.Build.0 = Debug|Any CPU
		{D74B67DF-7D05-4F66-B8AE-AE5F98345A7B}.Release|Any CPU.ActiveCfg = Release|Any CPU
		{D74B67DF-7D05-4F66-B8AE-AE5F98345A7B}.Release|Any CPU.Build.0 = Release|Any CPU
		{473160E9-30E4-4CE5-9463-625450FFEACB}.Debug|Any CPU.ActiveCfg = Debug|Any CPU
		{473160E9-30E4-4CE5-9463-625450FFEACB}.Debug|Any CPU.Build.0 = Debug|Any CPU
		{473160E9-30E4-4CE5-9463-625450FFEACB}.Release|Any CPU.ActiveCfg = Release|Any CPU
		{473160E9-30E4-4CE5-9463-625450FFEACB}.Release|Any CPU.Build.0 = Release|Any CPU
		{06AA9AD1-4A3E-4138-BCC8-51DDEB81AC16}.Debug|Any CPU.ActiveCfg = Debug|Any CPU
		{06AA9AD1-4A3E-4138-BCC8-51DDEB81AC16}.Debug|Any CPU.Build.0 = Debug|Any CPU
		{06AA9AD1-4A3E-4138-BCC8-51DDEB81AC16}.Release|Any CPU.ActiveCfg = Release|Any CPU
		{06AA9AD1-4A3E-4138-BCC8-51DDEB81AC16}.Release|Any CPU.Build.0 = Release|Any CPU
		{0714BCCE-621C-454F-BD33-8F453BC95FD3}.Debug|Any CPU.ActiveCfg = Debug|Any CPU
		{0714BCCE-621C-454F-BD33-8F453BC95FD3}.Debug|Any CPU.Build.0 = Debug|Any CPU
		{0714BCCE-621C-454F-BD33-8F453BC95FD3}.Release|Any CPU.ActiveCfg = Release|Any CPU
		{0714BCCE-621C-454F-BD33-8F453BC95FD3}.Release|Any CPU.Build.0 = Release|Any CPU
		{64B359D0-49A4-47C6-A2EF-DFF8A37D1A16}.Debug|Any CPU.ActiveCfg = Debug|Any CPU
		{64B359D0-49A4-47C6-A2EF-DFF8A37D1A16}.Debug|Any CPU.Build.0 = Debug|Any CPU
		{64B359D0-49A4-47C6-A2EF-DFF8A37D1A16}.Release|Any CPU.ActiveCfg = Release|Any CPU
		{64B359D0-49A4-47C6-A2EF-DFF8A37D1A16}.Release|Any CPU.Build.0 = Release|Any CPU
		{1DBF604F-8B7E-421D-9D8E-3E474FCAB669}.Debug|Any CPU.ActiveCfg = Debug|Any CPU
		{1DBF604F-8B7E-421D-9D8E-3E474FCAB669}.Debug|Any CPU.Build.0 = Debug|Any CPU
		{1DBF604F-8B7E-421D-9D8E-3E474FCAB669}.Release|Any CPU.ActiveCfg = Release|Any CPU
		{1DBF604F-8B7E-421D-9D8E-3E474FCAB669}.Release|Any CPU.Build.0 = Release|Any CPU
		{1DB9E20D-CA07-4E10-AEDB-ED696501F52E}.Debug|Any CPU.ActiveCfg = Debug|Any CPU
		{1DB9E20D-CA07-4E10-AEDB-ED696501F52E}.Debug|Any CPU.Build.0 = Debug|Any CPU
		{1DB9E20D-CA07-4E10-AEDB-ED696501F52E}.Release|Any CPU.ActiveCfg = Release|Any CPU
		{1DB9E20D-CA07-4E10-AEDB-ED696501F52E}.Release|Any CPU.Build.0 = Release|Any CPU
		{C365F875-2A62-4941-9F4A-4C22FDFEA788}.Debug|Any CPU.ActiveCfg = Debug|Any CPU
		{C365F875-2A62-4941-9F4A-4C22FDFEA788}.Debug|Any CPU.Build.0 = Debug|Any CPU
		{C365F875-2A62-4941-9F4A-4C22FDFEA788}.Release|Any CPU.ActiveCfg = Release|Any CPU
		{C365F875-2A62-4941-9F4A-4C22FDFEA788}.Release|Any CPU.Build.0 = Release|Any CPU
		{4D5086A3-B349-4004-8E57-AF2A270CD785}.Debug|Any CPU.ActiveCfg = Debug|Any CPU
		{4D5086A3-B349-4004-8E57-AF2A270CD785}.Debug|Any CPU.Build.0 = Debug|Any CPU
		{4D5086A3-B349-4004-8E57-AF2A270CD785}.Release|Any CPU.ActiveCfg = Release|Any CPU
		{4D5086A3-B349-4004-8E57-AF2A270CD785}.Release|Any CPU.Build.0 = Release|Any CPU
		{EFA69A37-F4AD-4AB9-AA4C-D1B867771102}.Debug|Any CPU.ActiveCfg = Debug|Any CPU
		{EFA69A37-F4AD-4AB9-AA4C-D1B867771102}.Debug|Any CPU.Build.0 = Debug|Any CPU
		{EFA69A37-F4AD-4AB9-AA4C-D1B867771102}.Release|Any CPU.ActiveCfg = Release|Any CPU
		{EFA69A37-F4AD-4AB9-AA4C-D1B867771102}.Release|Any CPU.Build.0 = Release|Any CPU
		{56556099-32C7-4110-9DB3-B19776EB9278}.Debug|Any CPU.ActiveCfg = Debug|Any CPU
		{56556099-32C7-4110-9DB3-B19776EB9278}.Debug|Any CPU.Build.0 = Debug|Any CPU
		{56556099-32C7-4110-9DB3-B19776EB9278}.Release|Any CPU.ActiveCfg = Release|Any CPU
		{56556099-32C7-4110-9DB3-B19776EB9278}.Release|Any CPU.Build.0 = Release|Any CPU
		{A13A8274-87D9-46D3-AFCE-9F6453A0F64B}.Debug|Any CPU.ActiveCfg = Debug|Any CPU
		{A13A8274-87D9-46D3-AFCE-9F6453A0F64B}.Debug|Any CPU.Build.0 = Debug|Any CPU
		{A13A8274-87D9-46D3-AFCE-9F6453A0F64B}.Release|Any CPU.ActiveCfg = Release|Any CPU
		{A13A8274-87D9-46D3-AFCE-9F6453A0F64B}.Release|Any CPU.Build.0 = Release|Any CPU
		{0CB12DE1-0724-4FA2-A2ED-B8C8D7DC01E4}.Debug|Any CPU.ActiveCfg = Debug|Any CPU
		{0CB12DE1-0724-4FA2-A2ED-B8C8D7DC01E4}.Debug|Any CPU.Build.0 = Debug|Any CPU
		{0CB12DE1-0724-4FA2-A2ED-B8C8D7DC01E4}.Release|Any CPU.ActiveCfg = Release|Any CPU
		{0CB12DE1-0724-4FA2-A2ED-B8C8D7DC01E4}.Release|Any CPU.Build.0 = Release|Any CPU
		{5A8A9B4E-4BD8-40C8-8B67-AFCBCFEB3509}.Debug|Any CPU.ActiveCfg = Debug|Any CPU
		{5A8A9B4E-4BD8-40C8-8B67-AFCBCFEB3509}.Debug|Any CPU.Build.0 = Debug|Any CPU
		{5A8A9B4E-4BD8-40C8-8B67-AFCBCFEB3509}.Release|Any CPU.ActiveCfg = Release|Any CPU
		{5A8A9B4E-4BD8-40C8-8B67-AFCBCFEB3509}.Release|Any CPU.Build.0 = Release|Any CPU
		{E6DFE336-E602-45B6-82B1-EE51F44BE780}.Debug|Any CPU.ActiveCfg = Debug|Any CPU
		{E6DFE336-E602-45B6-82B1-EE51F44BE780}.Debug|Any CPU.Build.0 = Debug|Any CPU
		{E6DFE336-E602-45B6-82B1-EE51F44BE780}.Release|Any CPU.ActiveCfg = Release|Any CPU
		{E6DFE336-E602-45B6-82B1-EE51F44BE780}.Release|Any CPU.Build.0 = Release|Any CPU
		{C3E219F4-24D7-49DB-9AAF-9410CDC20887}.Debug|Any CPU.ActiveCfg = Debug|Any CPU
		{C3E219F4-24D7-49DB-9AAF-9410CDC20887}.Debug|Any CPU.Build.0 = Debug|Any CPU
		{C3E219F4-24D7-49DB-9AAF-9410CDC20887}.Release|Any CPU.ActiveCfg = Release|Any CPU
		{C3E219F4-24D7-49DB-9AAF-9410CDC20887}.Release|Any CPU.Build.0 = Release|Any CPU
		{1501C079-4505-4209-8BF2-C062E311B554}.Debug|Any CPU.ActiveCfg = Debug|Any CPU
		{1501C079-4505-4209-8BF2-C062E311B554}.Debug|Any CPU.Build.0 = Debug|Any CPU
		{1501C079-4505-4209-8BF2-C062E311B554}.Release|Any CPU.ActiveCfg = Release|Any CPU
		{1501C079-4505-4209-8BF2-C062E311B554}.Release|Any CPU.Build.0 = Release|Any CPU
		{53F17A34-CBC6-4F60-A0D0-50F924CE79F4}.Debug|Any CPU.ActiveCfg = Debug|Any CPU
		{53F17A34-CBC6-4F60-A0D0-50F924CE79F4}.Debug|Any CPU.Build.0 = Debug|Any CPU
		{53F17A34-CBC6-4F60-A0D0-50F924CE79F4}.Release|Any CPU.ActiveCfg = Release|Any CPU
		{53F17A34-CBC6-4F60-A0D0-50F924CE79F4}.Release|Any CPU.Build.0 = Release|Any CPU
	EndGlobalSection
	GlobalSection(SolutionProperties) = preSolution
		HideSolutionNode = FALSE
	EndGlobalSection
	GlobalSection(NestedProjects) = preSolution
		{A82DD3A9-5319-4E46-9575-3C6837EFFBDC} = {CB4051CE-AC25-4F4A-B54E-BCE6AE331ED8}
		{2BF15E59-29F1-42D5-A219-FE87B5036C79} = {CB4051CE-AC25-4F4A-B54E-BCE6AE331ED8}
		{A6B8CAF2-98A0-4D8B-936B-AF77B92E7001} = {CB4051CE-AC25-4F4A-B54E-BCE6AE331ED8}
		{E144F2BE-90BC-418B-83F3-E594290C2A40} = {CB4051CE-AC25-4F4A-B54E-BCE6AE331ED8}
		{51270BAB-005E-4D6A-BA5F-75CBF25219CA} = {CB4051CE-AC25-4F4A-B54E-BCE6AE331ED8}
		{BF4E1923-07FF-4446-A017-EE9E1981F820} = {CB4051CE-AC25-4F4A-B54E-BCE6AE331ED8}
		{BE3FBE1B-33D5-419F-A907-A9F158D13E66} = {CB4051CE-AC25-4F4A-B54E-BCE6AE331ED8}
		{75BCC2D7-90A9-4EFD-B7F9-2508997D0EDB} = {CB4051CE-AC25-4F4A-B54E-BCE6AE331ED8}
		{30FC68FE-CB09-44BA-BEC4-CC2BDAE35932} = {CB4051CE-AC25-4F4A-B54E-BCE6AE331ED8}
		{A3DDD05B-194D-4654-80FC-B9FF3A6DEE42} = {CB4051CE-AC25-4F4A-B54E-BCE6AE331ED8}
		{A2F13EEF-B369-4704-8E41-6C6F43149644} = {CB4051CE-AC25-4F4A-B54E-BCE6AE331ED8}
		{B6687D64-CC05-4151-8357-B01C78E11D6F} = {CB4051CE-AC25-4F4A-B54E-BCE6AE331ED8}
		{AAD69932-B506-453E-A148-DD75DCC55B48} = {26FA8AEC-21EC-4A79-973B-B6A7332B2DD2}
		{0BAF50E7-8261-4E64-9219-E86CE9FAAABC} = {26FA8AEC-21EC-4A79-973B-B6A7332B2DD2}
		{EC6648D3-BB6C-4BE0-8D4A-7A4EF7385BDC} = {26FA8AEC-21EC-4A79-973B-B6A7332B2DD2}
		{F8DCA95A-1226-4248-839E-9926020A4179} = {26FA8AEC-21EC-4A79-973B-B6A7332B2DD2}
		{0406242F-FAE1-4F21-A15D-B53FC4610D2A} = {26FA8AEC-21EC-4A79-973B-B6A7332B2DD2}
		{EA94F920-84D5-46C7-9158-2227BEF93294} = {26FA8AEC-21EC-4A79-973B-B6A7332B2DD2}
		{E4110C27-75F5-458D-9E88-A8C0138B33A0} = {26FA8AEC-21EC-4A79-973B-B6A7332B2DD2}
		{334EF535-A046-4401-BF0F-DC34FCB5CAD1} = {26FA8AEC-21EC-4A79-973B-B6A7332B2DD2}
		{D929AB8C-71F4-4915-98F2-7F08CDC28E68} = {E1B57B3E-1638-4FD2-8A78-8833B8E47E21}
		{8E11BC77-20E7-459A-ADDF-09C7E87487BC} = {E1B57B3E-1638-4FD2-8A78-8833B8E47E21}
		{569FB0BB-A1DF-4D57-96FF-599B35B5CE85} = {E1B57B3E-1638-4FD2-8A78-8833B8E47E21}
		{7735E435-287B-4962-8597-C26C0C133F4B} = {E1B57B3E-1638-4FD2-8A78-8833B8E47E21}
		{5E20B5E4-6B25-4ED6-921E-D748924B8AE1} = {E1B57B3E-1638-4FD2-8A78-8833B8E47E21}
		{FC967D33-2F4D-4F15-8EE1-CC42CE066139} = {E1B57B3E-1638-4FD2-8A78-8833B8E47E21}
		{AF0FA958-DE92-46B1-9106-B4FA078C9AA5} = {E1B57B3E-1638-4FD2-8A78-8833B8E47E21}
		{2E0E6479-F9E0-4AD9-BA7E-A59554A53918} = {E1B57B3E-1638-4FD2-8A78-8833B8E47E21}
		{67EEACBA-E00E-4F68-8542-229B01171FA0} = {E1B57B3E-1638-4FD2-8A78-8833B8E47E21}
		{31765EAC-6802-44C4-8F8F-49DAED458015} = {E1B57B3E-1638-4FD2-8A78-8833B8E47E21}
		{9F7E2F4B-B5CE-4618-B57C-113D71BE15E3} = {65313167-8618-4D18-B7BC-1B466A94BD23}
		{3538C17C-5837-4F72-81D0-43A42AA4EA7D} = {65313167-8618-4D18-B7BC-1B466A94BD23}
		{58F90751-0614-4639-9927-5485D13CACC1} = {65313167-8618-4D18-B7BC-1B466A94BD23}
		{3705ABFE-6CE1-4D63-9D18-FEB1616EB17F} = {65313167-8618-4D18-B7BC-1B466A94BD23}
		{D6A81B24-DC13-4F24-BC58-87A4B938CFDC} = {65313167-8618-4D18-B7BC-1B466A94BD23}
		{0B459A10-1C50-4BFC-9880-B9D27734B30D} = {65313167-8618-4D18-B7BC-1B466A94BD23}
		{C2616A06-A04A-4EBE-9906-357DFEE111B3} = {1BDF90B5-3E89-4CD3-8166-AEB30789B933}
		{4D86B7EE-96E3-47A3-AF5C-BAE69E2EA054} = {1BDF90B5-3E89-4CD3-8166-AEB30789B933}
		{89AC2C0B-3B56-4432-BAF7-3212355C67E9} = {1BDF90B5-3E89-4CD3-8166-AEB30789B933}
		{405B2B06-B16A-4445-9719-AD200EBEE96B} = {1BDF90B5-3E89-4CD3-8166-AEB30789B933}
		{896EFCE6-03A9-47F4-B47F-7496401A2D42} = {1BDF90B5-3E89-4CD3-8166-AEB30789B933}
		{6E924B60-1A1C-4928-81B4-71FB70147C18} = {CE7C0EBB-8B7A-43A0-B72B-09D81C42F982}
		{1DECB7B4-2799-4D7D-A40E-25177DE23C82} = {2204CEA3-7704-492F-9F94-299CE4770F23}
		{CBE79174-A680-4DEA-868E-342538701E6B} = {2204CEA3-7704-492F-9F94-299CE4770F23}
		{009AF623-98EE-414F-A01B-EC5C82961D8F} = {81AD6B0F-2CD4-4149-809E-B7AD9D6931A4}
		{D74B67DF-7D05-4F66-B8AE-AE5F98345A7B} = {EC02E18F-AD25-4B1C-9243-1E821370020F}
		{473160E9-30E4-4CE5-9463-625450FFEACB} = {EC02E18F-AD25-4B1C-9243-1E821370020F}
		{06AA9AD1-4A3E-4138-BCC8-51DDEB81AC16} = {4AD17A46-BAE3-4637-ADFB-C60FB3700010}
		{0714BCCE-621C-454F-BD33-8F453BC95FD3} = {C01D2EBE-C88C-430A-9FFC-75DB90667122}
		{64B359D0-49A4-47C6-A2EF-DFF8A37D1A16} = {C01D2EBE-C88C-430A-9FFC-75DB90667122}
		{1DBF604F-8B7E-421D-9D8E-3E474FCAB669} = {B7FCF85B-93D2-4F33-B517-B0010BB3FD70}
		{1DB9E20D-CA07-4E10-AEDB-ED696501F52E} = {B7FCF85B-93D2-4F33-B517-B0010BB3FD70}
		{C365F875-2A62-4941-9F4A-4C22FDFEA788} = {4C8F674C-A4CA-436F-AAA4-C5670C0CE77E}
		{4D5086A3-B349-4004-8E57-AF2A270CD785} = {D1CCE273-EBAB-46DD-AA5C-0218F39F96CA}
		{EFA69A37-F4AD-4AB9-AA4C-D1B867771102} = {B7FCF85B-93D2-4F33-B517-B0010BB3FD70}
		{56556099-32C7-4110-9DB3-B19776EB9278} = {3D4507E0-7E88-4BAA-8E03-D16DD63CB8C1}
		{A13A8274-87D9-46D3-AFCE-9F6453A0F64B} = {3D4507E0-7E88-4BAA-8E03-D16DD63CB8C1}
		{0CB12DE1-0724-4FA2-A2ED-B8C8D7DC01E4} = {3D4507E0-7E88-4BAA-8E03-D16DD63CB8C1}
		{5A8A9B4E-4BD8-40C8-8B67-AFCBCFEB3509} = {3D4507E0-7E88-4BAA-8E03-D16DD63CB8C1}
		{E6DFE336-E602-45B6-82B1-EE51F44BE780} = {3D4507E0-7E88-4BAA-8E03-D16DD63CB8C1}
		{C3E219F4-24D7-49DB-9AAF-9410CDC20887} = {3D4507E0-7E88-4BAA-8E03-D16DD63CB8C1}
		{1501C079-4505-4209-8BF2-C062E311B554} = {3D4507E0-7E88-4BAA-8E03-D16DD63CB8C1}
		{53F17A34-CBC6-4F60-A0D0-50F924CE79F4} = {CE7C0EBB-8B7A-43A0-B72B-09D81C42F982}
	EndGlobalSection
EndGlobal
